// !$*UTF8*$!
{
	archiveVersion = 1;
	classes = {
	};
	objectVersion = 50;
	objects = {

/* Begin PBXBuildFile section */
		FDF7E65A2634682C0005843D /* SwiftUI_AnimationsApp.swift in Sources */ = {isa = PBXBuildFile; fileRef = FDF7E647263468280005843D /* SwiftUI_AnimationsApp.swift */; };
		FDF7E65B2634682C0005843D /* SwiftUI_AnimationsApp.swift in Sources */ = {isa = PBXBuildFile; fileRef = FDF7E647263468280005843D /* SwiftUI_AnimationsApp.swift */; };
		FDF7E65C2634682C0005843D /* ContentView.swift in Sources */ = {isa = PBXBuildFile; fileRef = FDF7E648263468280005843D /* ContentView.swift */; };
		FDF7E65D2634682C0005843D /* ContentView.swift in Sources */ = {isa = PBXBuildFile; fileRef = FDF7E648263468280005843D /* ContentView.swift */; };
		FDF7E65E2634682C0005843D /* Assets.xcassets in Resources */ = {isa = PBXBuildFile; fileRef = FDF7E6492634682C0005843D /* Assets.xcassets */; };
		FDF7E65F2634682C0005843D /* Assets.xcassets in Resources */ = {isa = PBXBuildFile; fileRef = FDF7E6492634682C0005843D /* Assets.xcassets */; };
		FDF7E66F2634699A0005843D /* HapticManager.swift in Sources */ = {isa = PBXBuildFile; fileRef = FDF7E66E2634699A0005843D /* HapticManager.swift */; };
		FDF7E674263469C00005843D /* Colors.swift in Sources */ = {isa = PBXBuildFile; fileRef = FDF7E673263469C00005843D /* Colors.swift */; };
		FDF7E67926346A610005843D /* Triangle.swift in Sources */ = {isa = PBXBuildFile; fileRef = FDF7E67826346A610005843D /* Triangle.swift */; };
		FDF7E67D26346BDD0005843D /* Tick.swift in Sources */ = {isa = PBXBuildFile; fileRef = FDF7E67C26346BDD0005843D /* Tick.swift */; };
		FDF7E68126346C3D0005843D /* ShirtView.swift in Sources */ = {isa = PBXBuildFile; fileRef = FDF7E68026346C3D0005843D /* ShirtView.swift */; };
		FDF7E685263470370005843D /* CartView.swift in Sources */ = {isa = PBXBuildFile; fileRef = FDF7E684263470370005843D /* CartView.swift */; };
		FDF7E689263472260005843D /* AddCartView.swift in Sources */ = {isa = PBXBuildFile; fileRef = FDF7E688263472260005843D /* AddCartView.swift */; };
		FDF7E68F263475C40005843D /* ArcShape.swift in Sources */ = {isa = PBXBuildFile; fileRef = FDF7E68E263475C40005843D /* ArcShape.swift */; };
		FDF7E693263476680005843D /* Circles.swift in Sources */ = {isa = PBXBuildFile; fileRef = FDF7E692263476680005843D /* Circles.swift */; };
		FDF7E697263477800005843D /* CircleEmitter.swift in Sources */ = {isa = PBXBuildFile; fileRef = FDF7E696263477800005843D /* CircleEmitter.swift */; };
		FDF7E69B2634781F0005843D /* ArcView.swift in Sources */ = {isa = PBXBuildFile; fileRef = FDF7E69A2634781F0005843D /* ArcView.swift */; };
		FDF7E69F263478BB0005843D /* WifiView.swift in Sources */ = {isa = PBXBuildFile; fileRef = FDF7E69E263478BB0005843D /* WifiView.swift */; };
/* End PBXBuildFile section */

/* Begin PBXFileReference section */
		FDF7E647263468280005843D /* SwiftUI_AnimationsApp.swift */ = {isa = PBXFileReference; lastKnownFileType = sourcecode.swift; path = SwiftUI_AnimationsApp.swift; sourceTree = "<group>"; };
		FDF7E648263468280005843D /* ContentView.swift */ = {isa = PBXFileReference; lastKnownFileType = sourcecode.swift; path = ContentView.swift; sourceTree = "<group>"; };
		FDF7E6492634682C0005843D /* Assets.xcassets */ = {isa = PBXFileReference; lastKnownFileType = folder.assetcatalog; path = Assets.xcassets; sourceTree = "<group>"; };
		FDF7E64E2634682C0005843D /* SwiftUI-Animations.app */ = {isa = PBXFileReference; explicitFileType = wrapper.application; includeInIndex = 0; path = "SwiftUI-Animations.app"; sourceTree = BUILT_PRODUCTS_DIR; };
		FDF7E6512634682C0005843D /* Info.plist */ = {isa = PBXFileReference; lastKnownFileType = text.plist.xml; path = Info.plist; sourceTree = "<group>"; };
		FDF7E6562634682C0005843D /* SwiftUI-Animations.app */ = {isa = PBXFileReference; explicitFileType = wrapper.application; includeInIndex = 0; path = "SwiftUI-Animations.app"; sourceTree = BUILT_PRODUCTS_DIR; };
		FDF7E6582634682C0005843D /* Info.plist */ = {isa = PBXFileReference; lastKnownFileType = text.plist.xml; path = Info.plist; sourceTree = "<group>"; };
		FDF7E6592634682C0005843D /* macOS.entitlements */ = {isa = PBXFileReference; lastKnownFileType = text.plist.entitlements; path = macOS.entitlements; sourceTree = "<group>"; };
		FDF7E66E2634699A0005843D /* HapticManager.swift */ = {isa = PBXFileReference; lastKnownFileType = sourcecode.swift; path = HapticManager.swift; sourceTree = "<group>"; };
		FDF7E673263469C00005843D /* Colors.swift */ = {isa = PBXFileReference; lastKnownFileType = sourcecode.swift; path = Colors.swift; sourceTree = "<group>"; };
		FDF7E67826346A610005843D /* Triangle.swift */ = {isa = PBXFileReference; lastKnownFileType = sourcecode.swift; path = Triangle.swift; sourceTree = "<group>"; };
		FDF7E67C26346BDD0005843D /* Tick.swift */ = {isa = PBXFileReference; lastKnownFileType = sourcecode.swift; path = Tick.swift; sourceTree = "<group>"; };
		FDF7E68026346C3D0005843D /* ShirtView.swift */ = {isa = PBXFileReference; lastKnownFileType = sourcecode.swift; path = ShirtView.swift; sourceTree = "<group>"; };
		FDF7E684263470370005843D /* CartView.swift */ = {isa = PBXFileReference; lastKnownFileType = sourcecode.swift; path = CartView.swift; sourceTree = "<group>"; };
		FDF7E688263472260005843D /* AddCartView.swift */ = {isa = PBXFileReference; lastKnownFileType = sourcecode.swift; path = AddCartView.swift; sourceTree = "<group>"; };
		FDF7E68E263475C40005843D /* ArcShape.swift */ = {isa = PBXFileReference; lastKnownFileType = sourcecode.swift; path = ArcShape.swift; sourceTree = "<group>"; };
		FDF7E692263476680005843D /* Circles.swift */ = {isa = PBXFileReference; lastKnownFileType = sourcecode.swift; path = Circles.swift; sourceTree = "<group>"; };
		FDF7E696263477800005843D /* CircleEmitter.swift */ = {isa = PBXFileReference; lastKnownFileType = sourcecode.swift; path = CircleEmitter.swift; sourceTree = "<group>"; };
		FDF7E69A2634781F0005843D /* ArcView.swift */ = {isa = PBXFileReference; lastKnownFileType = sourcecode.swift; path = ArcView.swift; sourceTree = "<group>"; };
		FDF7E69E263478BB0005843D /* WifiView.swift */ = {isa = PBXFileReference; lastKnownFileType = sourcecode.swift; path = WifiView.swift; sourceTree = "<group>"; };
/* End PBXFileReference section */

/* Begin PBXFrameworksBuildPhase section */
		FDF7E64B2634682C0005843D /* Frameworks */ = {
			isa = PBXFrameworksBuildPhase;
			buildActionMask = 2147483647;
			files = (
			);
			runOnlyForDeploymentPostprocessing = 0;
		};
		FDF7E6532634682C0005843D /* Frameworks */ = {
			isa = PBXFrameworksBuildPhase;
			buildActionMask = 2147483647;
			files = (
			);
			runOnlyForDeploymentPostprocessing = 0;
		};
/* End PBXFrameworksBuildPhase section */

/* Begin PBXGroup section */
		FDF7E641263468270005843D = {
			isa = PBXGroup;
			children = (
				FDF7E646263468280005843D /* Shared */,
				FDF7E6502634682C0005843D /* iOS */,
				FDF7E6572634682C0005843D /* macOS */,
				FDF7E64F2634682C0005843D /* Products */,
			);
			sourceTree = "<group>";
		};
		FDF7E646263468280005843D /* Shared */ = {
			isa = PBXGroup;
			children = (
				FDF7E672263469B30005843D /* Utils */,
				FDF7E66D263469870005843D /* Services */,
				FDF7E66B263469540005843D /* Code */,
				FDF7E647263468280005843D /* SwiftUI_AnimationsApp.swift */,
				FDF7E648263468280005843D /* ContentView.swift */,
				FDF7E6492634682C0005843D /* Assets.xcassets */,
			);
			path = Shared;
			sourceTree = "<group>";
		};
		FDF7E64F2634682C0005843D /* Products */ = {
			isa = PBXGroup;
			children = (
				FDF7E64E2634682C0005843D /* SwiftUI-Animations.app */,
				FDF7E6562634682C0005843D /* SwiftUI-Animations.app */,
			);
			name = Products;
			sourceTree = "<group>";
		};
		FDF7E6502634682C0005843D /* iOS */ = {
			isa = PBXGroup;
			children = (
				FDF7E6512634682C0005843D /* Info.plist */,
			);
			path = iOS;
			sourceTree = "<group>";
		};
		FDF7E6572634682C0005843D /* macOS */ = {
			isa = PBXGroup;
			children = (
				FDF7E6582634682C0005843D /* Info.plist */,
				FDF7E6592634682C0005843D /* macOS.entitlements */,
			);
			path = macOS;
			sourceTree = "<group>";
		};
		FDF7E66A263469490005843D /* Cart */ = {
			isa = PBXGroup;
			children = (
				FDF7E677263469EF0005843D /* SupportShapes */,
				FDF7E68026346C3D0005843D /* ShirtView.swift */,
				FDF7E684263470370005843D /* CartView.swift */,
				FDF7E688263472260005843D /* AddCartView.swift */,
			);
			path = Cart;
			sourceTree = "<group>";
		};
		FDF7E66B263469540005843D /* Code */ = {
			isa = PBXGroup;
			children = (
				FDF7E66C2634695F0005843D /* Animations */,
			);
			path = Code;
			sourceTree = "<group>";
		};
		FDF7E66C2634695F0005843D /* Animations */ = {
			isa = PBXGroup;
			children = (
				FDF7E68C263475790005843D /* Wifi */,
				FDF7E66A263469490005843D /* Cart */,
			);
			path = Animations;
			sourceTree = "<group>";
		};
		FDF7E66D263469870005843D /* Services */ = {
			isa = PBXGroup;
			children = (
				FDF7E66E2634699A0005843D /* HapticManager.swift */,
			);
			path = Services;
			sourceTree = "<group>";
		};
		FDF7E672263469B30005843D /* Utils */ = {
			isa = PBXGroup;
			children = (
				FDF7E673263469C00005843D /* Colors.swift */,
			);
			path = Utils;
			sourceTree = "<group>";
		};
		FDF7E677263469EF0005843D /* SupportShapes */ = {
			isa = PBXGroup;
			children = (
				FDF7E67826346A610005843D /* Triangle.swift */,
				FDF7E67C26346BDD0005843D /* Tick.swift */,
			);
			path = SupportShapes;
			sourceTree = "<group>";
		};
		FDF7E68C263475790005843D /* Wifi */ = {
			isa = PBXGroup;
			children = (
				FDF7E68D2634759B0005843D /* SupportShapes */,
				FDF7E696263477800005843D /* CircleEmitter.swift */,
				FDF7E69A2634781F0005843D /* ArcView.swift */,
				FDF7E69E263478BB0005843D /* WifiView.swift */,
			);
			path = Wifi;
			sourceTree = "<group>";
		};
		FDF7E68D2634759B0005843D /* SupportShapes */ = {
			isa = PBXGroup;
			children = (
				FDF7E68E263475C40005843D /* ArcShape.swift */,
				FDF7E692263476680005843D /* Circles.swift */,
			);
			path = SupportShapes;
			sourceTree = "<group>";
		};
/* End PBXGroup section */

/* Begin PBXNativeTarget section */
		FDF7E64D2634682C0005843D /* SwiftUI-Animations (iOS) */ = {
			isa = PBXNativeTarget;
			buildConfigurationList = FDF7E6622634682C0005843D /* Build configuration list for PBXNativeTarget "SwiftUI-Animations (iOS)" */;
			buildPhases = (
				FDF7E64A2634682C0005843D /* Sources */,
				FDF7E64B2634682C0005843D /* Frameworks */,
				FDF7E64C2634682C0005843D /* Resources */,
			);
			buildRules = (
			);
			dependencies = (
			);
			name = "SwiftUI-Animations (iOS)";
			productName = "SwiftUI-Animations (iOS)";
			productReference = FDF7E64E2634682C0005843D /* SwiftUI-Animations.app */;
			productType = "com.apple.product-type.application";
		};
		FDF7E6552634682C0005843D /* SwiftUI-Animations (macOS) */ = {
			isa = PBXNativeTarget;
			buildConfigurationList = FDF7E6652634682C0005843D /* Build configuration list for PBXNativeTarget "SwiftUI-Animations (macOS)" */;
			buildPhases = (
				FDF7E6522634682C0005843D /* Sources */,
				FDF7E6532634682C0005843D /* Frameworks */,
				FDF7E6542634682C0005843D /* Resources */,
			);
			buildRules = (
			);
			dependencies = (
			);
			name = "SwiftUI-Animations (macOS)";
			productName = "SwiftUI-Animations (macOS)";
			productReference = FDF7E6562634682C0005843D /* SwiftUI-Animations.app */;
			productType = "com.apple.product-type.application";
		};
/* End PBXNativeTarget section */

/* Begin PBXProject section */
		FDF7E642263468270005843D /* Project object */ = {
			isa = PBXProject;
			attributes = {
				LastSwiftUpdateCheck = 1240;
				LastUpgradeCheck = 1240;
				TargetAttributes = {
					FDF7E64D2634682C0005843D = {
						CreatedOnToolsVersion = 12.4;
					};
					FDF7E6552634682C0005843D = {
						CreatedOnToolsVersion = 12.4;
					};
				};
			};
			buildConfigurationList = FDF7E645263468270005843D /* Build configuration list for PBXProject "SwiftUI-Animations" */;
			compatibilityVersion = "Xcode 9.3";
			developmentRegion = en;
			hasScannedForEncodings = 0;
			knownRegions = (
				en,
				Base,
			);
			mainGroup = FDF7E641263468270005843D;
			productRefGroup = FDF7E64F2634682C0005843D /* Products */;
			projectDirPath = "";
			projectRoot = "";
			targets = (
				FDF7E64D2634682C0005843D /* SwiftUI-Animations (iOS) */,
				FDF7E6552634682C0005843D /* SwiftUI-Animations (macOS) */,
			);
		};
/* End PBXProject section */

/* Begin PBXResourcesBuildPhase section */
		FDF7E64C2634682C0005843D /* Resources */ = {
			isa = PBXResourcesBuildPhase;
			buildActionMask = 2147483647;
			files = (
				FDF7E65E2634682C0005843D /* Assets.xcassets in Resources */,
			);
			runOnlyForDeploymentPostprocessing = 0;
		};
		FDF7E6542634682C0005843D /* Resources */ = {
			isa = PBXResourcesBuildPhase;
			buildActionMask = 2147483647;
			files = (
				FDF7E65F2634682C0005843D /* Assets.xcassets in Resources */,
			);
			runOnlyForDeploymentPostprocessing = 0;
		};
/* End PBXResourcesBuildPhase section */

/* Begin PBXSourcesBuildPhase section */
		FDF7E64A2634682C0005843D /* Sources */ = {
			isa = PBXSourcesBuildPhase;
			buildActionMask = 2147483647;
			files = (
				FDF7E67D26346BDD0005843D /* Tick.swift in Sources */,
				FDF7E693263476680005843D /* Circles.swift in Sources */,
				FDF7E69B2634781F0005843D /* ArcView.swift in Sources */,
				FDF7E697263477800005843D /* CircleEmitter.swift in Sources */,
				FDF7E65C2634682C0005843D /* ContentView.swift in Sources */,
				FDF7E68126346C3D0005843D /* ShirtView.swift in Sources */,
				FDF7E674263469C00005843D /* Colors.swift in Sources */,
				FDF7E67926346A610005843D /* Triangle.swift in Sources */,
				FDF7E689263472260005843D /* AddCartView.swift in Sources */,
				FDF7E68F263475C40005843D /* ArcShape.swift in Sources */,
				FDF7E66F2634699A0005843D /* HapticManager.swift in Sources */,
				FDF7E69F263478BB0005843D /* WifiView.swift in Sources */,
				FDF7E685263470370005843D /* CartView.swift in Sources */,
				FDF7E65A2634682C0005843D /* SwiftUI_AnimationsApp.swift in Sources */,
			);
			runOnlyForDeploymentPostprocessing = 0;
		};
		FDF7E6522634682C0005843D /* Sources */ = {
			isa = PBXSourcesBuildPhase;
			buildActionMask = 2147483647;
			files = (
				FDF7E65D2634682C0005843D /* ContentView.swift in Sources */,
				FDF7E65B2634682C0005843D /* SwiftUI_AnimationsApp.swift in Sources */,
			);
			runOnlyForDeploymentPostprocessing = 0;
		};
/* End PBXSourcesBuildPhase section */

/* Begin XCBuildConfiguration section */
		FDF7E6602634682C0005843D /* Debug */ = {
			isa = XCBuildConfiguration;
			buildSettings = {
				ALWAYS_SEARCH_USER_PATHS = NO;
				CLANG_ANALYZER_NONNULL = YES;
				CLANG_ANALYZER_NUMBER_OBJECT_CONVERSION = YES_AGGRESSIVE;
				CLANG_CXX_LANGUAGE_STANDARD = "gnu++14";
				CLANG_CXX_LIBRARY = "libc++";
				CLANG_ENABLE_MODULES = YES;
				CLANG_ENABLE_OBJC_ARC = YES;
				CLANG_ENABLE_OBJC_WEAK = YES;
				CLANG_WARN_BLOCK_CAPTURE_AUTORELEASING = YES;
				CLANG_WARN_BOOL_CONVERSION = YES;
				CLANG_WARN_COMMA = YES;
				CLANG_WARN_CONSTANT_CONVERSION = YES;
				CLANG_WARN_DEPRECATED_OBJC_IMPLEMENTATIONS = YES;
				CLANG_WARN_DIRECT_OBJC_ISA_USAGE = YES_ERROR;
				CLANG_WARN_DOCUMENTATION_COMMENTS = YES;
				CLANG_WARN_EMPTY_BODY = YES;
				CLANG_WARN_ENUM_CONVERSION = YES;
				CLANG_WARN_INFINITE_RECURSION = YES;
				CLANG_WARN_INT_CONVERSION = YES;
				CLANG_WARN_NON_LITERAL_NULL_CONVERSION = YES;
				CLANG_WARN_OBJC_IMPLICIT_RETAIN_SELF = YES;
				CLANG_WARN_OBJC_LITERAL_CONVERSION = YES;
				CLANG_WARN_OBJC_ROOT_CLASS = YES_ERROR;
				CLANG_WARN_QUOTED_INCLUDE_IN_FRAMEWORK_HEADER = YES;
				CLANG_WARN_RANGE_LOOP_ANALYSIS = YES;
				CLANG_WARN_STRICT_PROTOTYPES = YES;
				CLANG_WARN_SUSPICIOUS_MOVE = YES;
				CLANG_WARN_UNGUARDED_AVAILABILITY = YES_AGGRESSIVE;
				CLANG_WARN_UNREACHABLE_CODE = YES;
				CLANG_WARN__DUPLICATE_METHOD_MATCH = YES;
				COPY_PHASE_STRIP = NO;
				DEBUG_INFORMATION_FORMAT = dwarf;
				ENABLE_STRICT_OBJC_MSGSEND = YES;
				ENABLE_TESTABILITY = YES;
				GCC_C_LANGUAGE_STANDARD = gnu11;
				GCC_DYNAMIC_NO_PIC = NO;
				GCC_NO_COMMON_BLOCKS = YES;
				GCC_OPTIMIZATION_LEVEL = 0;
				GCC_PREPROCESSOR_DEFINITIONS = (
					"DEBUG=1",
					"$(inherited)",
				);
				GCC_WARN_64_TO_32_BIT_CONVERSION = YES;
				GCC_WARN_ABOUT_RETURN_TYPE = YES_ERROR;
				GCC_WARN_UNDECLARED_SELECTOR = YES;
				GCC_WARN_UNINITIALIZED_AUTOS = YES_AGGRESSIVE;
				GCC_WARN_UNUSED_FUNCTION = YES;
				GCC_WARN_UNUSED_VARIABLE = YES;
				MTL_ENABLE_DEBUG_INFO = INCLUDE_SOURCE;
				MTL_FAST_MATH = YES;
				ONLY_ACTIVE_ARCH = YES;
				SWIFT_ACTIVE_COMPILATION_CONDITIONS = DEBUG;
				SWIFT_OPTIMIZATION_LEVEL = "-Onone";
			};
			name = Debug;
		};
		FDF7E6612634682C0005843D /* Release */ = {
			isa = XCBuildConfiguration;
			buildSettings = {
				ALWAYS_SEARCH_USER_PATHS = NO;
				CLANG_ANALYZER_NONNULL = YES;
				CLANG_ANALYZER_NUMBER_OBJECT_CONVERSION = YES_AGGRESSIVE;
				CLANG_CXX_LANGUAGE_STANDARD = "gnu++14";
				CLANG_CXX_LIBRARY = "libc++";
				CLANG_ENABLE_MODULES = YES;
				CLANG_ENABLE_OBJC_ARC = YES;
				CLANG_ENABLE_OBJC_WEAK = YES;
				CLANG_WARN_BLOCK_CAPTURE_AUTORELEASING = YES;
				CLANG_WARN_BOOL_CONVERSION = YES;
				CLANG_WARN_COMMA = YES;
				CLANG_WARN_CONSTANT_CONVERSION = YES;
				CLANG_WARN_DEPRECATED_OBJC_IMPLEMENTATIONS = YES;
				CLANG_WARN_DIRECT_OBJC_ISA_USAGE = YES_ERROR;
				CLANG_WARN_DOCUMENTATION_COMMENTS = YES;
				CLANG_WARN_EMPTY_BODY = YES;
				CLANG_WARN_ENUM_CONVERSION = YES;
				CLANG_WARN_INFINITE_RECURSION = YES;
				CLANG_WARN_INT_CONVERSION = YES;
				CLANG_WARN_NON_LITERAL_NULL_CONVERSION = YES;
				CLANG_WARN_OBJC_IMPLICIT_RETAIN_SELF = YES;
				CLANG_WARN_OBJC_LITERAL_CONVERSION = YES;
				CLANG_WARN_OBJC_ROOT_CLASS = YES_ERROR;
				CLANG_WARN_QUOTED_INCLUDE_IN_FRAMEWORK_HEADER = YES;
				CLANG_WARN_RANGE_LOOP_ANALYSIS = YES;
				CLANG_WARN_STRICT_PROTOTYPES = YES;
				CLANG_WARN_SUSPICIOUS_MOVE = YES;
				CLANG_WARN_UNGUARDED_AVAILABILITY = YES_AGGRESSIVE;
				CLANG_WARN_UNREACHABLE_CODE = YES;
				CLANG_WARN__DUPLICATE_METHOD_MATCH = YES;
				COPY_PHASE_STRIP = NO;
				DEBUG_INFORMATION_FORMAT = "dwarf-with-dsym";
				ENABLE_NS_ASSERTIONS = NO;
				ENABLE_STRICT_OBJC_MSGSEND = YES;
				GCC_C_LANGUAGE_STANDARD = gnu11;
				GCC_NO_COMMON_BLOCKS = YES;
				GCC_WARN_64_TO_32_BIT_CONVERSION = YES;
				GCC_WARN_ABOUT_RETURN_TYPE = YES_ERROR;
				GCC_WARN_UNDECLARED_SELECTOR = YES;
				GCC_WARN_UNINITIALIZED_AUTOS = YES_AGGRESSIVE;
				GCC_WARN_UNUSED_FUNCTION = YES;
				GCC_WARN_UNUSED_VARIABLE = YES;
				MTL_ENABLE_DEBUG_INFO = NO;
				MTL_FAST_MATH = YES;
				SWIFT_COMPILATION_MODE = wholemodule;
				SWIFT_OPTIMIZATION_LEVEL = "-O";
			};
			name = Release;
		};
		FDF7E6632634682C0005843D /* Debug */ = {
			isa = XCBuildConfiguration;
			buildSettings = {
				ASSETCATALOG_COMPILER_APPICON_NAME = AppIcon;
				ASSETCATALOG_COMPILER_GLOBAL_ACCENT_COLOR_NAME = AccentColor;
				CODE_SIGN_STYLE = Automatic;
				DEVELOPMENT_TEAM = XP6V4T4UU6;
				ENABLE_PREVIEWS = YES;
				INFOPLIST_FILE = iOS/Info.plist;
				IPHONEOS_DEPLOYMENT_TARGET = 14.0;
				LD_RUNPATH_SEARCH_PATHS = (
					"$(inherited)",
					"@executable_path/Frameworks",
				);
				PRODUCT_BUNDLE_IDENTIFIER = "com.blacenova.SwiftUI-Animations";
				PRODUCT_NAME = "SwiftUI-Animations";
				SDKROOT = iphoneos;
				SWIFT_VERSION = 5.0;
				TARGETED_DEVICE_FAMILY = "1,2";
			};
			name = Debug;
		};
		FDF7E6642634682C0005843D /* Release */ = {
			isa = XCBuildConfiguration;
			buildSettings = {
				ASSETCATALOG_COMPILER_APPICON_NAME = AppIcon;
				ASSETCATALOG_COMPILER_GLOBAL_ACCENT_COLOR_NAME = AccentColor;
				CODE_SIGN_STYLE = Automatic;
				DEVELOPMENT_TEAM = XP6V4T4UU6;
				ENABLE_PREVIEWS = YES;
				INFOPLIST_FILE = iOS/Info.plist;
				IPHONEOS_DEPLOYMENT_TARGET = 14.0;
				LD_RUNPATH_SEARCH_PATHS = (
					"$(inherited)",
					"@executable_path/Frameworks",
				);
				PRODUCT_BUNDLE_IDENTIFIER = "com.blacenova.SwiftUI-Animations";
				PRODUCT_NAME = "SwiftUI-Animations";
				SDKROOT = iphoneos;
				SWIFT_VERSION = 5.0;
				TARGETED_DEVICE_FAMILY = "1,2";
				VALIDATE_PRODUCT = YES;
			};
			name = Release;
		};
		FDF7E6662634682C0005843D /* Debug */ = {
			isa = XCBuildConfiguration;
			buildSettings = {
				ASSETCATALOG_COMPILER_APPICON_NAME = AppIcon;
				ASSETCATALOG_COMPILER_GLOBAL_ACCENT_COLOR_NAME = AccentColor;
				CODE_SIGN_ENTITLEMENTS = macOS/macOS.entitlements;
				CODE_SIGN_STYLE = Automatic;
				COMBINE_HIDPI_IMAGES = YES;
				DEVELOPMENT_TEAM = XP6V4T4UU6;
				ENABLE_HARDENED_RUNTIME = YES;
				ENABLE_PREVIEWS = YES;
				INFOPLIST_FILE = macOS/Info.plist;
				LD_RUNPATH_SEARCH_PATHS = (
					"$(inherited)",
					"@executable_path/../Frameworks",
				);
				MACOSX_DEPLOYMENT_TARGET = 11.0;
				PRODUCT_BUNDLE_IDENTIFIER = "com.blacenova.SwiftUI-Animations";
				PRODUCT_NAME = "SwiftUI-Animations";
				SDKROOT = macosx;
				SWIFT_VERSION = 5.0;
			};
			name = Debug;
		};
		FDF7E6672634682C0005843D /* Release */ = {
			isa = XCBuildConfiguration;
			buildSettings = {
				ASSETCATALOG_COMPILER_APPICON_NAME = AppIcon;
				ASSETCATALOG_COMPILER_GLOBAL_ACCENT_COLOR_NAME = AccentColor;
				CODE_SIGN_ENTITLEMENTS = macOS/macOS.entitlements;
				CODE_SIGN_STYLE = Automatic;
				COMBINE_HIDPI_IMAGES = YES;
				DEVELOPMENT_TEAM = XP6V4T4UU6;
				ENABLE_HARDENED_RUNTIME = YES;
				ENABLE_PREVIEWS = YES;
				INFOPLIST_FILE = macOS/Info.plist;
				LD_RUNPATH_SEARCH_PATHS = (
					"$(inherited)",
					"@executable_path/../Frameworks",
				);
				MACOSX_DEPLOYMENT_TARGET = 11.0;
				PRODUCT_BUNDLE_IDENTIFIER = "com.blacenova.SwiftUI-Animations";
				PRODUCT_NAME = "SwiftUI-Animations";
				SDKROOT = macosx;
				SWIFT_VERSION = 5.0;
			};
			name = Release;
		};
/* End XCBuildConfiguration section */

/* Begin XCConfigurationList section */
		FDF7E645263468270005843D /* Build configuration list for PBXProject "SwiftUI-Animations" */ = {
			isa = XCConfigurationList;
			buildConfigurations = (
				FDF7E6602634682C0005843D /* Debug */,
				FDF7E6612634682C0005843D /* Release */,
			);
			defaultConfigurationIsVisible = 0;
			defaultConfigurationName = Release;
		};
		FDF7E6622634682C0005843D /* Build configuration list for PBXNativeTarget "SwiftUI-Animations (iOS)" */ = {
			isa = XCConfigurationList;
			buildConfigurations = (
				FDF7E6632634682C0005843D /* Debug */,
				FDF7E6642634682C0005843D /* Release */,
			);
			defaultConfigurationIsVisible = 0;
			defaultConfigurationName = Release;
		};
		FDF7E6652634682C0005843D /* Build configuration list for PBXNativeTarget "SwiftUI-Animations (macOS)" */ = {
			isa = XCConfigurationList;
			buildConfigurations = (
				FDF7E6662634682C0005843D /* Debug */,
				FDF7E6672634682C0005843D /* Release */,
			);
			defaultConfigurationIsVisible = 0;
			defaultConfigurationName = Release;
		};
/* End XCConfigurationList section */
	};
	rootObject = FDF7E642263468270005843D /* Project object */;
}
